lockfileVersion: 5.4

specifiers:
  '@vitejs/plugin-vue': ^4.1.0
  vite: ^4.3.2
  vue: ^3.2.47

dependencies:
  vue: registry.npmmirror.com/vue/3.3.4

devDependencies:
  '@vitejs/plugin-vue': registry.npmmirror.com/@vitejs/plugin-vue/4.2.3_vite@4.3.9+vue@3.3.4
  vite: registry.npmmirror.com/vite/4.3.9

packages:

  registry.npmmirror.com/@babel/helper-string-parser/7.21.5:
    resolution: {integrity: sha512-5pTUx3hAJaZIdW99sJ6ZUUgWq/Y+Hja7TowEnLNMm1VivRgZQL3vpBY3qUACVsvw+yQU6+YgfBVmcbLaZtrA1w==, registry: http://registry.npm.taobao.org/, tarball: https://registry.npmmirror.com/@babel/helper-string-parser/-/helper-string-parser-7.21.5.tgz}
    name: '@babel/helper-string-parser'
    version: 7.21.5
    engines: {node: '>=6.9.0'}

  registry.npmmirror.com/@babel/helper-validator-identifier/7.19.1:
    resolution: {integrity: sha512-awrNfaMtnHUr653GgGEs++LlAvW6w+DcPrOliSMXWCKo597CwL5Acf/wWdNkf/tfEQE3mjkeD1YOVZOUV/od1w==, registry: http://registry.npm.taobao.org/, tarball: https://registry.npmmirror.com/@babel/helper-validator-identifier/-/helper-validator-identifier-7.19.1.tgz}
    name: '@babel/helper-validator-identifier'
    version: 7.19.1
    engines: {node: '>=6.9.0'}

  registry.npmmirror.com/@babel/parser/7.22.3:
    resolution: {integrity: sha512-vrukxyW/ep8UD1UDzOYpTKQ6abgjFoeG6L+4ar9+c5TN9QnlqiOi6QK7LSR5ewm/ERyGkT/Ai6VboNrxhbr9Uw==, registry: http://registry.npm.taobao.org/, tarball: https://registry.npmmirror.com/@babel/parser/-/parser-7.22.3.tgz}
    name: '@babel/parser'
    version: 7.22.3
    engines: {node: '>=6.0.0'}
    hasBin: true
    dependencies:
      '@babel/types': registry.npmmirror.com/@babel/types/7.22.3

  registry.npmmirror.com/@babel/types/7.22.3:
    resolution: {integrity: sha512-P3na3xIQHTKY4L0YOG7pM8M8uoUIB910WQaSiiMCZUC2Cy8XFEQONGABFnHWBa2gpGKODTAJcNhi5Zk0sLRrzg==, registry: http://registry.npm.taobao.org/, tarball: https://registry.npmmirror.com/@babel/types/-/types-7.22.3.tgz}
    name: '@babel/types'
    version: 7.22.3
    engines: {node: '>=6.9.0'}
    dependencies:
      '@babel/helper-string-parser': registry.npmmirror.com/@babel/helper-string-parser/7.21.5
      '@babel/helper-validator-identifier': registry.npmmirror.com/@babel/helper-validator-identifier/7.19.1
      to-fast-properties: registry.npmmirror.com/to-fast-properties/2.0.0

  registry.npmmirror.com/@esbuild/android-arm/0.17.19:
    resolution: {integrity: sha512-rIKddzqhmav7MSmoFCmDIb6e2W57geRsM94gV2l38fzhXMwq7hZoClug9USI2pFRGL06f4IOPHHpFNOkWieR8A==, registry: http://registry.npm.taobao.org/, tarball: https://registry.npmmirror.com/@esbuild/android-arm/-/android-arm-0.17.19.tgz}
    name: '@esbuild/android-arm'
    version: 0.17.19
    engines: {node: '>=12'}
    cpu: [arm]
    os: [android]
    requiresBuild: true
    dev: true
    optional: true

  registry.npmmirror.com/@esbuild/android-arm64/0.17.19:
    resolution: {integrity: sha512-KBMWvEZooR7+kzY0BtbTQn0OAYY7CsiydT63pVEaPtVYF0hXbUaOyZog37DKxK7NF3XacBJOpYT4adIJh+avxA==, registry: http://registry.npm.taobao.org/, tarball: https://registry.npmmirror.com/@esbuild/android-arm64/-/android-arm64-0.17.19.tgz}
    name: '@esbuild/android-arm64'
    version: 0.17.19
    engines: {node: '>=12'}
    cpu: [arm64]
    os: [android]
    requiresBuild: true
    dev: true
    optional: true

  registry.npmmirror.com/@esbuild/android-x64/0.17.19:
    resolution: {integrity: sha512-uUTTc4xGNDT7YSArp/zbtmbhO0uEEK9/ETW29Wk1thYUJBz3IVnvgEiEwEa9IeLyvnpKrWK64Utw2bgUmDveww==, registry: http://registry.npm.taobao.org/, tarball: https://registry.npmmirror.com/@esbuild/android-x64/-/android-x64-0.17.19.tgz}
    name: '@esbuild/android-x64'
    version: 0.17.19
    engines: {node: '>=12'}
    cpu: [x64]
    os: [android]
    requiresBuild: true
    dev: true
    optional: true

  registry.npmmirror.com/@esbuild/darwin-arm64/0.17.19:
    resolution: {integrity: sha512-80wEoCfF/hFKM6WE1FyBHc9SfUblloAWx6FJkFWTWiCoht9Mc0ARGEM47e67W9rI09YoUxJL68WHfDRYEAvOhg==, registry: http://registry.npm.taobao.org/, tarball: https://registry.npmmirror.com/@esbuild/darwin-arm64/-/darwin-arm64-0.17.19.tgz}
    name: '@esbuild/darwin-arm64'
    version: 0.17.19
    engines: {node: '>=12'}
    cpu: [arm64]
    os: [darwin]
    requiresBuild: true
    dev: true
    optional: true

  registry.npmmirror.com/@esbuild/darwin-x64/0.17.19:
    resolution: {integrity: sha512-IJM4JJsLhRYr9xdtLytPLSH9k/oxR3boaUIYiHkAawtwNOXKE8KoU8tMvryogdcT8AU+Bflmh81Xn6Q0vTZbQw==, registry: http://registry.npm.taobao.org/, tarball: https://registry.npmmirror.com/@esbuild/darwin-x64/-/darwin-x64-0.17.19.tgz}
    name: '@esbuild/darwin-x64'
    version: 0.17.19
    engines: {node: '>=12'}
    cpu: [x64]
    os: [darwin]
    requiresBuild: true
    dev: true
    optional: true

  registry.npmmirror.com/@esbuild/freebsd-arm64/0.17.19:
    resolution: {integrity: sha512-pBwbc7DufluUeGdjSU5Si+P3SoMF5DQ/F/UmTSb8HXO80ZEAJmrykPyzo1IfNbAoaqw48YRpv8shwd1NoI0jcQ==, registry: http://registry.npm.taobao.org/, tarball: https://registry.npmmirror.com/@esbuild/freebsd-arm64/-/freebsd-arm64-0.17.19.tgz}
    name: '@esbuild/freebsd-arm64'
    version: 0.17.19
    engines: {node: '>=12'}
    cpu: [arm64]
    os: [freebsd]
    requiresBuild: true
    dev: true
    optional: true

  registry.npmmirror.com/@esbuild/freebsd-x64/0.17.19:
    resolution: {integrity: sha512-4lu+n8Wk0XlajEhbEffdy2xy53dpR06SlzvhGByyg36qJw6Kpfk7cp45DR/62aPH9mtJRmIyrXAS5UWBrJT6TQ==, registry: http://registry.npm.taobao.org/, tarball: https://registry.npmmirror.com/@esbuild/freebsd-x64/-/freebsd-x64-0.17.19.tgz}
    name: '@esbuild/freebsd-x64'
    version: 0.17.19
    engines: {node: '>=12'}
    cpu: [x64]
    os: [freebsd]
    requiresBuild: true
    dev: true
    optional: true

  registry.npmmirror.com/@esbuild/linux-arm/0.17.19:
    resolution: {integrity: sha512-cdmT3KxjlOQ/gZ2cjfrQOtmhG4HJs6hhvm3mWSRDPtZ/lP5oe8FWceS10JaSJC13GBd4eH/haHnqf7hhGNLerA==, registry: http://registry.npm.taobao.org/, tarball: https://registry.npmmirror.com/@esbuild/linux-arm/-/linux-arm-0.17.19.tgz}
    name: '@esbuild/linux-arm'
    version: 0.17.19
    engines: {node: '>=12'}
    cpu: [arm]
    os: [linux]
    requiresBuild: true
    dev: true
    optional: true

  registry.npmmirror.com/@esbuild/linux-arm64/0.17.19:
    resolution: {integrity: sha512-ct1Tg3WGwd3P+oZYqic+YZF4snNl2bsnMKRkb3ozHmnM0dGWuxcPTTntAF6bOP0Sp4x0PjSF+4uHQ1xvxfRKqg==, registry: http://registry.npm.taobao.org/, tarball: https://registry.npmmirror.com/@esbuild/linux-arm64/-/linux-arm64-0.17.19.tgz}
    name: '@esbuild/linux-arm64'
    version: 0.17.19
    engines: {node: '>=12'}
    cpu: [arm64]
    os: [linux]
    requiresBuild: true
    dev: true
    optional: true

  registry.npmmirror.com/@esbuild/linux-ia32/0.17.19:
    resolution: {integrity: sha512-w4IRhSy1VbsNxHRQpeGCHEmibqdTUx61Vc38APcsRbuVgK0OPEnQ0YD39Brymn96mOx48Y2laBQGqgZ0j9w6SQ==, registry: http://registry.npm.taobao.org/, tarball: https://registry.npmmirror.com/@esbuild/linux-ia32/-/linux-ia32-0.17.19.tgz}
    name: '@esbuild/linux-ia32'
    version: 0.17.19
    engines: {node: '>=12'}
    cpu: [ia32]
    os: [linux]
    requiresBuild: true
    dev: true
    optional: true

  registry.npmmirror.com/@esbuild/linux-loong64/0.17.19:
    resolution: {integrity: sha512-2iAngUbBPMq439a+z//gE+9WBldoMp1s5GWsUSgqHLzLJ9WoZLZhpwWuym0u0u/4XmZ3gpHmzV84PonE+9IIdQ==, registry: http://registry.npm.taobao.org/, tarball: https://registry.npmmirror.com/@esbuild/linux-loong64/-/linux-loong64-0.17.19.tgz}
    name: '@esbuild/linux-loong64'
    version: 0.17.19
    engines: {node: '>=12'}
    cpu: [loong64]
    os: [linux]
    requiresBuild: true
    dev: true
    optional: true

  registry.npmmirror.com/@esbuild/linux-mips64el/0.17.19:
    resolution: {integrity: sha512-LKJltc4LVdMKHsrFe4MGNPp0hqDFA1Wpt3jE1gEyM3nKUvOiO//9PheZZHfYRfYl6AwdTH4aTcXSqBerX0ml4A==, registry: http://registry.npm.taobao.org/, tarball: https://registry.npmmirror.com/@esbuild/linux-mips64el/-/linux-mips64el-0.17.19.tgz}
    name: '@esbuild/linux-mips64el'
    version: 0.17.19
    engines: {node: '>=12'}
    cpu: [mips64el]
    os: [linux]
    requiresBuild: true
    dev: true
    optional: true

  registry.npmmirror.com/@esbuild/linux-ppc64/0.17.19:
    resolution: {integrity: sha512-/c/DGybs95WXNS8y3Ti/ytqETiW7EU44MEKuCAcpPto3YjQbyK3IQVKfF6nbghD7EcLUGl0NbiL5Rt5DMhn5tg==, registry: http://registry.npm.taobao.org/, tarball: https://registry.npmmirror.com/@esbuild/linux-ppc64/-/linux-ppc64-0.17.19.tgz}
    name: '@esbuild/linux-ppc64'
    version: 0.17.19
    engines: {node: '>=12'}
    cpu: [ppc64]
    os: [linux]
    requiresBuild: true
    dev: true
    optional: true

  registry.npmmirror.com/@esbuild/linux-riscv64/0.17.19:
    resolution: {integrity: sha512-FC3nUAWhvFoutlhAkgHf8f5HwFWUL6bYdvLc/TTuxKlvLi3+pPzdZiFKSWz/PF30TB1K19SuCxDTI5KcqASJqA==, registry: http://registry.npm.taobao.org/, tarball: https://registry.npmmirror.com/@esbuild/linux-riscv64/-/linux-riscv64-0.17.19.tgz}
    name: '@esbuild/linux-riscv64'
    version: 0.17.19
    engines: {node: '>=12'}
    cpu: [riscv64]
    os: [linux]
    requiresBuild: true
    dev: true
    optional: true

  registry.npmmirror.com/@esbuild/linux-s390x/0.17.19:
    resolution: {integrity: sha512-IbFsFbxMWLuKEbH+7sTkKzL6NJmG2vRyy6K7JJo55w+8xDk7RElYn6xvXtDW8HCfoKBFK69f3pgBJSUSQPr+4Q==, registry: http://registry.npm.taobao.org/, tarball: https://registry.npmmirror.com/@esbuild/linux-s390x/-/linux-s390x-0.17.19.tgz}
    name: '@esbuild/linux-s390x'
    version: 0.17.19
    engines: {node: '>=12'}
    cpu: [s390x]
    os: [linux]
    requiresBuild: true
    dev: true
    optional: true

  registry.npmmirror.com/@esbuild/linux-x64/0.17.19:
    resolution: {integrity: sha512-68ngA9lg2H6zkZcyp22tsVt38mlhWde8l3eJLWkyLrp4HwMUr3c1s/M2t7+kHIhvMjglIBrFpncX1SzMckomGw==, registry: http://registry.npm.taobao.org/, tarball: https://registry.npmmirror.com/@esbuild/linux-x64/-/linux-x64-0.17.19.tgz}
    name: '@esbuild/linux-x64'
    version: 0.17.19
    engines: {node: '>=12'}
    cpu: [x64]
    os: [linux]
    requiresBuild: true
    dev: true
    optional: true

  registry.npmmirror.com/@esbuild/netbsd-x64/0.17.19:
    resolution: {integrity: sha512-CwFq42rXCR8TYIjIfpXCbRX0rp1jo6cPIUPSaWwzbVI4aOfX96OXY8M6KNmtPcg7QjYeDmN+DD0Wp3LaBOLf4Q==, registry: http://registry.npm.taobao.org/, tarball: https://registry.npmmirror.com/@esbuild/netbsd-x64/-/netbsd-x64-0.17.19.tgz}
    name: '@esbuild/netbsd-x64'
    version: 0.17.19
    engines: {node: '>=12'}
    cpu: [x64]
    os: [netbsd]
    requiresBuild: true
    dev: true
    optional: true

  registry.npmmirror.com/@esbuild/openbsd-x64/0.17.19:
    resolution: {integrity: sha512-cnq5brJYrSZ2CF6c35eCmviIN3k3RczmHz8eYaVlNasVqsNY+JKohZU5MKmaOI+KkllCdzOKKdPs762VCPC20g==, registry: http://registry.npm.taobao.org/, tarball: https://registry.npmmirror.com/@esbuild/openbsd-x64/-/openbsd-x64-0.17.19.tgz}
    name: '@esbuild/openbsd-x64'
    version: 0.17.19
    engines: {node: '>=12'}
    cpu: [x64]
    os: [openbsd]
    requiresBuild: true
    dev: true
    optional: true

  registry.npmmirror.com/@esbuild/sunos-x64/0.17.19:
    resolution: {integrity: sha512-vCRT7yP3zX+bKWFeP/zdS6SqdWB8OIpaRq/mbXQxTGHnIxspRtigpkUcDMlSCOejlHowLqII7K2JKevwyRP2rg==, registry: http://registry.npm.taobao.org/, tarball: https://registry.npmmirror.com/@esbuild/sunos-x64/-/sunos-x64-0.17.19.tgz}
    name: '@esbuild/sunos-x64'
    version: 0.17.19
    engines: {node: '>=12'}
    cpu: [x64]
    os: [sunos]
    requiresBuild: true
    dev: true
    optional: true

  registry.npmmirror.com/@esbuild/win32-arm64/0.17.19:
    resolution: {integrity: sha512-yYx+8jwowUstVdorcMdNlzklLYhPxjniHWFKgRqH7IFlUEa0Umu3KuYplf1HUZZ422e3NU9F4LGb+4O0Kdcaag==, registry: http://registry.npm.taobao.org/, tarball: https://registry.npmmirror.com/@esbuild/win32-arm64/-/win32-arm64-0.17.19.tgz}
    name: '@esbuild/win32-arm64'
    version: 0.17.19
    engines: {node: '>=12'}
    cpu: [arm64]
    os: [win32]
    requiresBuild: true
    dev: true
    optional: true

  registry.npmmirror.com/@esbuild/win32-ia32/0.17.19:
    resolution: {integrity: sha512-eggDKanJszUtCdlVs0RB+h35wNlb5v4TWEkq4vZcmVt5u/HiDZrTXe2bWFQUez3RgNHwx/x4sk5++4NSSicKkw==, registry: http://registry.npm.taobao.org/, tarball: https://registry.npmmirror.com/@esbuild/win32-ia32/-/win32-ia32-0.17.19.tgz}
    name: '@esbuild/win32-ia32'
    version: 0.17.19
    engines: {node: '>=12'}
    cpu: [ia32]
    os: [win32]
    requiresBuild: true
    dev: true
    optional: true

  registry.npmmirror.com/@esbuild/win32-x64/0.17.19:
    resolution: {integrity: sha512-lAhycmKnVOuRYNtRtatQR1LPQf2oYCkRGkSFnseDAKPl8lu5SOsK/e1sXe5a0Pc5kHIHe6P2I/ilntNv2xf3cA==, registry: http://registry.npm.taobao.org/, tarball: https://registry.npmmirror.com/@esbuild/win32-x64/-/win32-x64-0.17.19.tgz}
    name: '@esbuild/win32-x64'
    version: 0.17.19
    engines: {node: '>=12'}
    cpu: [x64]
    os: [win32]
    requiresBuild: true
    dev: true
    optional: true

  registry.npmmirror.com/@jridgewell/sourcemap-codec/1.4.15:
    resolution: {integrity: sha512-eF2rxCRulEKXHTRiDrDy6erMYWqNw4LPdQ8UQA4huuxaQsVeRPFl2oM8oDGxMFhJUWZf9McpLtJasDDZb/Bpeg==, registry: http://registry.npm.taobao.org/, tarball: https://registry.npmmirror.com/@jridgewell/sourcemap-codec/-/sourcemap-codec-1.4.15.tgz}
    name: '@jridgewell/sourcemap-codec'
    version: 1.4.15

  registry.npmmirror.com/@vitejs/plugin-vue/4.2.3_vite@4.3.9+vue@3.3.4:
    resolution: {integrity: sha512-R6JDUfiZbJA9cMiguQ7jxALsgiprjBeHL5ikpXfJCH62pPHtI+JdJ5xWj6Ev73yXSlYl86+blXn1kZHQ7uElxw==, registry: http://registry.npm.taobao.org/, tarball: https://registry.npmmirror.com/@vitejs/plugin-vue/-/plugin-vue-4.2.3.tgz}
    id: registry.npmmirror.com/@vitejs/plugin-vue/4.2.3
    name: '@vitejs/plugin-vue'
    version: 4.2.3
    engines: {node: ^14.18.0 || >=16.0.0}
    peerDependencies:
      vite: ^4.0.0
      vue: ^3.2.25
    dependencies:
      vite: registry.npmmirror.com/vite/4.3.9
      vue: registry.npmmirror.com/vue/3.3.4
    dev: true

  registry.npmmirror.com/@vue/compiler-core/3.3.4:
    resolution: {integrity: sha512-cquyDNvZ6jTbf/+x+AgM2Arrp6G4Dzbb0R64jiG804HRMfRiFXWI6kqUVqZ6ZR0bQhIoQjB4+2bhNtVwndW15g==, registry: http://registry.npm.taobao.org/, tarball: https://registry.npmmirror.com/@vue/compiler-core/-/compiler-core-3.3.4.tgz}
    name: '@vue/compiler-core'
    version: 3.3.4
    dependencies:
      '@babel/parser': registry.npmmirror.com/@babel/parser/7.22.3
      '@vue/shared': registry.npmmirror.com/@vue/shared/3.3.4
      estree-walker: registry.npmmirror.com/estree-walker/2.0.2
      source-map-js: registry.npmmirror.com/source-map-js/1.0.2

  registry.npmmirror.com/@vue/compiler-dom/3.3.4:
    resolution: {integrity: sha512-wyM+OjOVpuUukIq6p5+nwHYtj9cFroz9cwkfmP9O1nzH68BenTTv0u7/ndggT8cIQlnBeOo6sUT/gvHcIkLA5w==, registry: http://registry.npm.taobao.org/, tarball: https://registry.npmmirror.com/@vue/compiler-dom/-/compiler-dom-3.3.4.tgz}
    name: '@vue/compiler-dom'
    version: 3.3.4
    dependencies:
      '@vue/compiler-core': registry.npmmirror.com/@vue/compiler-core/3.3.4
      '@vue/shared': registry.npmmirror.com/@vue/shared/3.3.4

  registry.npmmirror.com/@vue/compiler-sfc/3.3.4:
    resolution: {integrity: sha512-6y/d8uw+5TkCuzBkgLS0v3lSM3hJDntFEiUORM11pQ/hKvkhSKZrXW6i69UyXlJQisJxuUEJKAWEqWbWsLeNKQ==, registry: http://registry.npm.taobao.org/, tarball: https://registry.npmmirror.com/@vue/compiler-sfc/-/compiler-sfc-3.3.4.tgz}
    name: '@vue/compiler-sfc'
    version: 3.3.4
    dependencies:
      '@babel/parser': registry.npmmirror.com/@babel/parser/7.22.3
      '@vue/compiler-core': registry.npmmirror.com/@vue/compiler-core/3.3.4
      '@vue/compiler-dom': registry.npmmirror.com/@vue/compiler-dom/3.3.4
      '@vue/compiler-ssr': registry.npmmirror.com/@vue/compiler-ssr/3.3.4
      '@vue/reactivity-transform': registry.npmmirror.com/@vue/reactivity-transform/3.3.4
      '@vue/shared': registry.npmmirror.com/@vue/shared/3.3.4
      estree-walker: registry.npmmirror.com/estree-walker/2.0.2
      magic-string: registry.npmmirror.com/magic-string/0.30.0
      postcss: registry.npmmirror.com/postcss/8.4.24
      source-map-js: registry.npmmirror.com/source-map-js/1.0.2

  registry.npmmirror.com/@vue/compiler-ssr/3.3.4:
    resolution: {integrity: sha512-m0v6oKpup2nMSehwA6Uuu+j+wEwcy7QmwMkVNVfrV9P2qE5KshC6RwOCq8fjGS/Eak/uNb8AaWekfiXxbBB6gQ==, registry: http://registry.npm.taobao.org/, tarball: https://registry.npmmirror.com/@vue/compiler-ssr/-/compiler-ssr-3.3.4.tgz}
    name: '@vue/compiler-ssr'
    version: 3.3.4
    dependencies:
      '@vue/compiler-dom': registry.npmmirror.com/@vue/compiler-dom/3.3.4
      '@vue/shared': registry.npmmirror.com/@vue/shared/3.3.4

  registry.npmmirror.com/@vue/reactivity-transform/3.3.4:
    resolution: {integrity: sha512-MXgwjako4nu5WFLAjpBnCj/ieqcjE2aJBINUNQzkZQfzIZA4xn+0fV1tIYBJvvva3N3OvKGofRLvQIwEQPpaXw==, registry: http://registry.npm.taobao.org/, tarball: https://registry.npmmirror.com/@vue/reactivity-transform/-/reactivity-transform-3.3.4.tgz}
    name: '@vue/reactivity-transform'
    version: 3.3.4
    dependencies:
      '@babel/parser': registry.npmmirror.com/@babel/parser/7.22.3
      '@vue/compiler-core': registry.npmmirror.com/@vue/compiler-core/3.3.4
      '@vue/shared': registry.npmmirror.com/@vue/shared/3.3.4
      estree-walker: registry.npmmirror.com/estree-walker/2.0.2
      magic-string: registry.npmmirror.com/magic-string/0.30.0

  registry.npmmirror.com/@vue/reactivity/3.3.4:
    resolution: {integrity: sha512-kLTDLwd0B1jG08NBF3R5rqULtv/f8x3rOFByTDz4J53ttIQEDmALqKqXY0J+XQeN0aV2FBxY8nJDf88yvOPAqQ==, registry: http://registry.npm.taobao.org/, tarball: https://registry.npmmirror.com/@vue/reactivity/-/reactivity-3.3.4.tgz}
    name: '@vue/reactivity'
    version: 3.3.4
    dependencies:
      '@vue/shared': registry.npmmirror.com/@vue/shared/3.3.4

  registry.npmmirror.com/@vue/runtime-core/3.3.4:
    resolution: {integrity: sha512-R+bqxMN6pWO7zGI4OMlmvePOdP2c93GsHFM/siJI7O2nxFRzj55pLwkpCedEY+bTMgp5miZ8CxfIZo3S+gFqvA==, registry: http://registry.npm.taobao.org/, tarball: https://registry.npmmirror.com/@vue/runtime-core/-/runtime-core-3.3.4.tgz}
    name: '@vue/runtime-core'
    version: 3.3.4
    dependencies:
      '@vue/reactivity': registry.npmmirror.com/@vue/reactivity/3.3.4
      '@vue/shared': registry.npmmirror.com/@vue/shared/3.3.4

  registry.npmmirror.com/@vue/runtime-dom/3.3.4:
    resolution: {integrity: sha512-Aj5bTJ3u5sFsUckRghsNjVTtxZQ1OyMWCr5dZRAPijF/0Vy4xEoRCwLyHXcj4D0UFbJ4lbx3gPTgg06K/GnPnQ==, registry: http://registry.npm.taobao.org/, tarball: https://registry.npmmirror.com/@vue/runtime-dom/-/runtime-dom-3.3.4.tgz}
    name: '@vue/runtime-dom'
    version: 3.3.4
    dependencies:
      '@vue/runtime-core': registry.npmmirror.com/@vue/runtime-core/3.3.4
      '@vue/shared': registry.npmmirror.com/@vue/shared/3.3.4
      csstype: registry.npmmirror.com/csstype/3.1.2

  registry.npmmirror.com/@vue/server-renderer/3.3.4_vue@3.3.4:
    resolution: {integrity: sha512-Q6jDDzR23ViIb67v+vM1Dqntu+HUexQcsWKhhQa4ARVzxOY2HbC7QRW/ggkDBd5BU+uM1sV6XOAP0b216o34JQ==, registry: http://registry.npm.taobao.org/, tarball: https://registry.npmmirror.com/@vue/server-renderer/-/server-renderer-3.3.4.tgz}
    id: registry.npmmirror.com/@vue/server-renderer/3.3.4
    name: '@vue/server-renderer'
    version: 3.3.4
    peerDependencies:
      vue: 3.3.4
    dependencies:
      '@vue/compiler-ssr': registry.npmmirror.com/@vue/compiler-ssr/3.3.4
      '@vue/shared': registry.npmmirror.com/@vue/shared/3.3.4
      vue: registry.npmmirror.com/vue/3.3.4

  registry.npmmirror.com/@vue/shared/3.3.4:
    resolution: {integrity: sha512-7OjdcV8vQ74eiz1TZLzZP4JwqM5fA94K6yntPS5Z25r9HDuGNzaGdgvwKYq6S+MxwF0TFRwe50fIR/MYnakdkQ==, registry: http://registry.npm.taobao.org/, tarball: https://registry.npmmirror.com/@vue/shared/-/shared-3.3.4.tgz}
    name: '@vue/shared'
    version: 3.3.4

  registry.npmmirror.com/csstype/3.1.2:
    resolution: {integrity: sha512-I7K1Uu0MBPzaFKg4nI5Q7Vs2t+3gWWW648spaF+Rg7pI9ds18Ugn+lvg4SHczUdKlHI5LWBXyqfS8+DufyBsgQ==, registry: http://registry.npm.taobao.org/, tarball: https://registry.npmmirror.com/csstype/-/csstype-3.1.2.tgz}
    name: csstype
    version: 3.1.2

  registry.npmmirror.com/esbuild/0.17.19:
    resolution: {integrity: sha512-XQ0jAPFkK/u3LcVRcvVHQcTIqD6E2H1fvZMA5dQPSOWb3suUbWbfbRf94pjc0bNzRYLfIrDRQXr7X+LHIm5oHw==, registry: http://registry.npm.taobao.org/, tarball: https://registry.npmmirror.com/esbuild/-/esbuild-0.17.19.tgz}
    name: esbuild
    version: 0.17.19
    engines: {node: '>=12'}
    hasBin: true
    requiresBuild: true
    optionalDependencies:
      '@esbuild/android-arm': registry.npmmirror.com/@esbuild/android-arm/0.17.19
      '@esbuild/android-arm64': registry.npmmirror.com/@esbuild/android-arm64/0.17.19
      '@esbuild/android-x64': registry.npmmirror.com/@esbuild/android-x64/0.17.19
      '@esbuild/darwin-arm64': registry.npmmirror.com/@esbuild/darwin-arm64/0.17.19
      '@esbuild/darwin-x64': registry.npmmirror.com/@esbuild/darwin-x64/0.17.19
      '@esbuild/freebsd-arm64': registry.npmmirror.com/@esbuild/freebsd-arm64/0.17.19
      '@esbuild/freebsd-x64': registry.npmmirror.com/@esbuild/freebsd-x64/0.17.19
      '@esbuild/linux-arm': registry.npmmirror.com/@esbuild/linux-arm/0.17.19
      '@esbuild/linux-arm64': registry.npmmirror.com/@esbuild/linux-arm64/0.17.19
      '@esbuild/linux-ia32': registry.npmmirror.com/@esbuild/linux-ia32/0.17.19
      '@esbuild/linux-loong64': registry.npmmirror.com/@esbuild/linux-loong64/0.17.19
      '@esbuild/linux-mips64el': registry.npmmirror.com/@esbuild/linux-mips64el/0.17.19
      '@esbuild/linux-ppc64': registry.npmmirror.com/@esbuild/linux-ppc64/0.17.19
      '@esbuild/linux-riscv64': registry.npmmirror.com/@esbuild/linux-riscv64/0.17.19
      '@esbuild/linux-s390x': registry.npmmirror.com/@esbuild/linux-s390x/0.17.19
      '@esbuild/linux-x64': registry.npmmirror.com/@esbuild/linux-x64/0.17.19
      '@esbuild/netbsd-x64': registry.npmmirror.com/@esbuild/netbsd-x64/0.17.19
      '@esbuild/openbsd-x64': registry.npmmirror.com/@esbuild/openbsd-x64/0.17.19
      '@esbuild/sunos-x64': registry.npmmirror.com/@esbuild/sunos-x64/0.17.19
      '@esbuild/win32-arm64': registry.npmmirror.com/@esbuild/win32-arm64/0.17.19
      '@esbuild/win32-ia32': registry.npmmirror.com/@esbuild/win32-ia32/0.17.19
      '@esbuild/win32-x64': registry.npmmirror.com/@esbuild/win32-x64/0.17.19
    dev: true

  registry.npmmirror.com/estree-walker/2.0.2:
    resolution: {integrity: sha512-Rfkk/Mp/DL7JVje3u18FxFujQlTNR2q6QfMSMB7AvCBx91NGj/ba3kCfza0f6dVDbw7YlRf/nDrn7pQrCCyQ/w==, registry: http://registry.npm.taobao.org/, tarball: https://registry.npmmirror.com/estree-walker/-/estree-walker-2.0.2.tgz}
    name: estree-walker
    version: 2.0.2

  registry.npmmirror.com/fsevents/2.3.2:
    resolution: {integrity: sha512-xiqMQR4xAeHTuB9uWm+fFRcIOgKBMiOBP+eXiyT7jsgVCq1bkVygt00oASowB7EdtpOHaaPgKt812P9ab+DDKA==, registry: http://registry.npm.taobao.org/, tarball: https://registry.npmmirror.com/fsevents/-/fsevents-2.3.2.tgz}
    name: fsevents
    version: 2.3.2
    engines: {node: ^8.16.0 || ^10.6.0 || >=11.0.0}
    os: [darwin]
    requiresBuild: true
    dev: true
    optional: true

  registry.npmmirror.com/magic-string/0.30.0:
    resolution: {integrity: sha512-LA+31JYDJLs82r2ScLrlz1GjSgu66ZV518eyWT+S8VhyQn/JL0u9MeBOvQMGYiPk1DBiSN9DDMOcXvigJZaViQ==, registry: http://registry.npm.taobao.org/, tarball: https://registry.npmmirror.com/magic-string/-/magic-string-0.30.0.tgz}
    name: magic-string
    version: 0.30.0
    engines: {node: '>=12'}
    dependencies:
      '@jridgewell/sourcemap-codec': registry.npmmirror.com/@jridgewell/sourcemap-codec/1.4.15

  registry.npmmirror.com/nanoid/3.3.6:
    resolution: {integrity: sha512-BGcqMMJuToF7i1rt+2PWSNVnWIkGCU78jBG3RxO/bZlnZPK2Cmi2QaffxGO/2RvWi9sL+FAiRiXMgsyxQ1DIDA==, registry: http://registry.npm.taobao.org/, tarball: https://registry.npmmirror.com/nanoid/-/nanoid-3.3.6.tgz}
    name: nanoid
    version: 3.3.6
    engines: {node: ^10 || ^12 || ^13.7 || ^14 || >=15.0.1}
    hasBin: true

  registry.npmmirror.com/picocolors/1.0.0:
    resolution: {integrity: sha512-1fygroTLlHu66zi26VoTDv8yRgm0Fccecssto+MhsZ0D/DGW2sm8E8AjW7NU5VVTRt5GxbeZ5qBuJr+HyLYkjQ==, registry: http://registry.npm.taobao.org/, tarball: https://registry.npmmirror.com/picocolors/-/picocolors-1.0.0.tgz}
    name: picocolors
    version: 1.0.0

  registry.npmmirror.com/postcss/8.4.24:
    resolution: {integrity: sha512-M0RzbcI0sO/XJNucsGjvWU9ERWxb/ytp1w6dKtxTKgixdtQDq4rmx/g8W1hnaheq9jgwL/oyEdH5Bc4WwJKMqg==, registry: http://registry.npm.taobao.org/, tarball: https://registry.npmmirror.com/postcss/-/postcss-8.4.24.tgz}
    name: postcss
    version: 8.4.24
    engines: {node: ^10 || ^12 || >=14}
    dependencies:
      nanoid: registry.npmmirror.com/nanoid/3.3.6
      picocolors: registry.npmmirror.com/picocolors/1.0.0
      source-map-js: registry.npmmirror.com/source-map-js/1.0.2

  registry.npmmirror.com/rollup/3.23.0:
    resolution: {integrity: sha512-h31UlwEi7FHihLe1zbk+3Q7z1k/84rb9BSwmBSr/XjOCEaBJ2YyedQDuM0t/kfOS0IxM+vk1/zI9XxYj9V+NJQ==, registry: http://registry.npm.taobao.org/, tarball: https://registry.npmmirror.com/rollup/-/rollup-3.23.0.tgz}
    name: rollup
    version: 3.23.0
    engines: {node: '>=14.18.0', npm: '>=8.0.0'}
    hasBin: true
    optionalDependencies:
      fsevents: registry.npmmirror.com/fsevents/2.3.2
    dev: true

  registry.npmmirror.com/source-map-js/1.0.2:
    resolution: {integrity: sha512-R0XvVJ9WusLiqTCEiGCmICCMplcCkIwwR11mOSD9CR5u+IXYdiseeEuXCVAjS54zqwkLcPNnmU4OeJ6tUrWhDw==, registry: http://registry.npm.taobao.org/, tarball: https://registry.npmmirror.com/source-map-js/-/source-map-js-1.0.2.tgz}
    name: source-map-js
    version: 1.0.2
    engines: {node: '>=0.10.0'}

  registry.npmmirror.com/to-fast-properties/2.0.0:
    resolution: {integrity: sha512-/OaKK0xYrs3DmxRYqL/yDc+FxFUVYhDlXMhRmv3z915w2HF1tnN1omB354j8VUGO/hbRzyD6Y3sA7v7GS/ceog==, registry: http://registry.npm.taobao.org/, tarball: https://registry.npmmirror.com/to-fast-properties/-/to-fast-properties-2.0.0.tgz}
    name: to-fast-properties
    version: 2.0.0
    engines: {node: '>=4'}

  registry.npmmirror.com/vite/4.3.9:
    resolution: {integrity: sha512-qsTNZjO9NoJNW7KnOrgYwczm0WctJ8m/yqYAMAK9Lxt4SoySUfS5S8ia9K7JHpa3KEeMfyF8LoJ3c5NeBJy6pg==, registry: http://registry.npm.taobao.org/, tarball: https://registry.npmmirror.com/vite/-/vite-4.3.9.tgz}
    name: vite
    version: 4.3.9
    engines: {node: ^14.18.0 || >=16.0.0}
    hasBin: true
    peerDependencies:
      '@types/node': '>= 14'
      less: '*'
      sass: '*'
      stylus: '*'
      sugarss: '*'
      terser: ^5.4.0
    peerDependenciesMeta:
      '@types/node':
        optional: true
      less:
        optional: true
      sass:
        optional: true
      stylus:
        optional: true
      sugarss:
        optional: true
      terser:
        optional: true
    dependencies:
      esbuild: registry.npmmirror.com/esbuild/0.17.19
      postcss: registry.npmmirror.com/postcss/8.4.24
      rollup: registry.npmmirror.com/rollup/3.23.0
    optionalDependencies:
      fsevents: registry.npmmirror.com/fsevents/2.3.2
    dev: true

  registry.npmmirror.com/vue/3.3.4:
    resolution: {integrity: sha512-VTyEYn3yvIeY1Py0WaYGZsXnz3y5UnGi62GjVEqvEGPl6nxbOrCXbVOTQWBEJUqAyTUk2uJ5JLVnYJ6ZzGbrSw==, registry: http://registry.npm.taobao.org/, tarball: https://registry.npmmirror.com/vue/-/vue-3.3.4.tgz}
    name: vue
    version: 3.3.4
    dependencies:
      '@vue/compiler-dom': registry.npmmirror.com/@vue/compiler-dom/3.3.4
      '@vue/compiler-sfc': registry.npmmirror.com/@vue/compiler-sfc/3.3.4
      '@vue/runtime-dom': registry.npmmirror.com/@vue/runtime-dom/3.3.4
      '@vue/server-renderer': registry.npmmirror.com/@vue/server-renderer/3.3.4_vue@3.3.4
      '@vue/shared': registry.npmmirror.com/@vue/shared/3.3.4
